
Microsoft Visual Studio Solution File, Format Version 12.00
# Visual Studio 2012
Project("{2150E333-8FDC-42A3-9474-1A3956D46DE8}") = "领域层", "领域层", "{7C81C967-D977-4EB7-8558-FE6B5DF242DD}"
EndProject
Project("{2150E333-8FDC-42A3-9474-1A3956D46DE8}") = "仓储层", "仓储层", "{5CFD9170-7642-493C-8639-AA310B1D2E5B}"
EndProject
Project("{2150E333-8FDC-42A3-9474-1A3956D46DE8}") = "应用层", "应用层", "{24FDA01A-EF40-4881-9757-4B5516EF7411}"
EndProject
Project("{2150E333-8FDC-42A3-9474-1A3956D46DE8}") = "UI层", "UI层", "{89390B5D-70BF-4E4A-94DF-AC3AA56155A7}"
EndProject
Project("{2150E333-8FDC-42A3-9474-1A3956D46DE8}") = "基础设施层", "基础设施层", "{F380F429-7817-42FD-8B69-6AEDA5F54284}"
EndProject
Project("{FAE04EC0-301F-11D3-BF4B-00C04F79EFBC}") = "Quick.WebUI.Admin", "QuickDDD.WebUI.Admin\Quick.WebUI.Admin.csproj", "{62E4E963-DCFE-49E0-8E4F-5FAF89D65AFA}"
EndProject
Project("{FAE04EC0-301F-11D3-BF4B-00C04F79EFBC}") = "Quick.WebUI.Member", "QuickDDD.WebUI.Member\Quick.WebUI.Member.csproj", "{F78D1F52-A0CB-4766-A3D6-1075F6E1E546}"
EndProject
Project("{FAE04EC0-301F-11D3-BF4B-00C04F79EFBC}") = "Quick.Domain", "Quick.Domain\Quick.Domain.csproj", "{169F1C47-313A-49E2-839E-43FFC0B81B14}"
EndProject
Project("{FAE04EC0-301F-11D3-BF4B-00C04F79EFBC}") = "Quick.Application.Admin", "Quick.Application.Admin\Quick.Application.Admin.csproj", "{3789FB66-9543-4BFD-91AD-B62EF604710B}"
EndProject
Project("{FAE04EC0-301F-11D3-BF4B-00C04F79EFBC}") = "Quick.Application.Member", "Quick.Application.Member\Quick.Application.Member.csproj", "{EC5C0188-1E31-4B45-9665-36E2485AE9F9}"
EndProject
Project("{2150E333-8FDC-42A3-9474-1A3956D46DE8}") = "EF", "EF", "{AC14CD94-2EFB-4383-B852-25492B90BA0B}"
EndProject
Project("{FAE04EC0-301F-11D3-BF4B-00C04F79EFBC}") = "Quick.Framework.Tool", "Quick.Framework.Tool\Quick.Framework.Tool.csproj", "{8BFA233D-717C-4439-8EA3-28156F0A185B}"
EndProject
Project("{FAE04EC0-301F-11D3-BF4B-00C04F79EFBC}") = "Quick.Repositories", "Quick.Repositories\Quick.Repositories.csproj", "{38038083-1B70-4EB4-A1F1-231D846F2F1B}"
EndProject
Global
	GlobalSection(SolutionConfigurationPlatforms) = preSolution
		Debug|Any CPU = Debug|Any CPU
		Release|Any CPU = Release|Any CPU
	EndGlobalSection
	GlobalSection(ProjectConfigurationPlatforms) = postSolution
		{62E4E963-DCFE-49E0-8E4F-5FAF89D65AFA}.Debug|Any CPU.ActiveCfg = Debug|Any CPU
		{62E4E963-DCFE-49E0-8E4F-5FAF89D65AFA}.Debug|Any CPU.Build.0 = Debug|Any CPU
		{62E4E963-DCFE-49E0-8E4F-5FAF89D65AFA}.Release|Any CPU.ActiveCfg = Release|Any CPU
		{62E4E963-DCFE-49E0-8E4F-5FAF89D65AFA}.Release|Any CPU.Build.0 = Release|Any CPU
		{F78D1F52-A0CB-4766-A3D6-1075F6E1E546}.Debug|Any CPU.ActiveCfg = Debug|Any CPU
		{F78D1F52-A0CB-4766-A3D6-1075F6E1E546}.Debug|Any CPU.Build.0 = Debug|Any CPU
		{F78D1F52-A0CB-4766-A3D6-1075F6E1E546}.Release|Any CPU.ActiveCfg = Release|Any CPU
		{F78D1F52-A0CB-4766-A3D6-1075F6E1E546}.Release|Any CPU.Build.0 = Release|Any CPU
		{169F1C47-313A-49E2-839E-43FFC0B81B14}.Debug|Any CPU.ActiveCfg = Debug|Any CPU
		{169F1C47-313A-49E2-839E-43FFC0B81B14}.Debug|Any CPU.Build.0 = Debug|Any CPU
		{169F1C47-313A-49E2-839E-43FFC0B81B14}.Release|Any CPU.ActiveCfg = Release|Any CPU
		{169F1C47-313A-49E2-839E-43FFC0B81B14}.Release|Any CPU.Build.0 = Release|Any CPU
		{3789FB66-9543-4BFD-91AD-B62EF604710B}.Debug|Any CPU.ActiveCfg = Debug|Any CPU
		{3789FB66-9543-4BFD-91AD-B62EF604710B}.Debug|Any CPU.Build.0 = Debug|Any CPU
		{3789FB66-9543-4BFD-91AD-B62EF604710B}.Release|Any CPU.ActiveCfg = Release|Any CPU
		{3789FB66-9543-4BFD-91AD-B62EF604710B}.Release|Any CPU.Build.0 = Release|Any CPU
		{EC5C0188-1E31-4B45-9665-36E2485AE9F9}.Debug|Any CPU.ActiveCfg = Debug|Any CPU
		{EC5C0188-1E31-4B45-9665-36E2485AE9F9}.Debug|Any CPU.Build.0 = Debug|Any CPU
		{EC5C0188-1E31-4B45-9665-36E2485AE9F9}.Release|Any CPU.ActiveCfg = Release|Any CPU
		{EC5C0188-1E31-4B45-9665-36E2485AE9F9}.Release|Any CPU.Build.0 = Release|Any CPU
		{8BFA233D-717C-4439-8EA3-28156F0A185B}.Debug|Any CPU.ActiveCfg = Debug|Any CPU
		{8BFA233D-717C-4439-8EA3-28156F0A185B}.Debug|Any CPU.Build.0 = Debug|Any CPU
		{8BFA233D-717C-4439-8EA3-28156F0A185B}.Release|Any CPU.ActiveCfg = Release|Any CPU
		{8BFA233D-717C-4439-8EA3-28156F0A185B}.Release|Any CPU.Build.0 = Release|Any CPU
		{38038083-1B70-4EB4-A1F1-231D846F2F1B}.Debug|Any CPU.ActiveCfg = Debug|Any CPU
		{38038083-1B70-4EB4-A1F1-231D846F2F1B}.Debug|Any CPU.Build.0 = Debug|Any CPU
		{38038083-1B70-4EB4-A1F1-231D846F2F1B}.Release|Any CPU.ActiveCfg = Release|Any CPU
		{38038083-1B70-4EB4-A1F1-231D846F2F1B}.Release|Any CPU.Build.0 = Release|Any CPU
	EndGlobalSection
	GlobalSection(SolutionProperties) = preSolution
		HideSolutionNode = FALSE
	EndGlobalSection
	GlobalSection(NestedProjects) = preSolution
		{169F1C47-313A-49E2-839E-43FFC0B81B14} = {7C81C967-D977-4EB7-8558-FE6B5DF242DD}
		{38038083-1B70-4EB4-A1F1-231D846F2F1B} = {5CFD9170-7642-493C-8639-AA310B1D2E5B}
		{3789FB66-9543-4BFD-91AD-B62EF604710B} = {24FDA01A-EF40-4881-9757-4B5516EF7411}
		{EC5C0188-1E31-4B45-9665-36E2485AE9F9} = {24FDA01A-EF40-4881-9757-4B5516EF7411}
		{62E4E963-DCFE-49E0-8E4F-5FAF89D65AFA} = {89390B5D-70BF-4E4A-94DF-AC3AA56155A7}
		{F78D1F52-A0CB-4766-A3D6-1075F6E1E546} = {89390B5D-70BF-4E4A-94DF-AC3AA56155A7}
		{AC14CD94-2EFB-4383-B852-25492B90BA0B} = {F380F429-7817-42FD-8B69-6AEDA5F54284}
		{8BFA233D-717C-4439-8EA3-28156F0A185B} = {AC14CD94-2EFB-4383-B852-25492B90BA0B}
	EndGlobalSection
EndGlobal
